
Microsoft Visual Studio Solution File, Format Version 12.00
# Visual Studio 15
VisualStudioVersion = 15.0.28010.2041
MinimumVisualStudioVersion = 10.0.40219.1
Project("{FAE04EC0-301F-11D3-BF4B-00C04F79EFBC}") = "TreasurersApp", "TreasurersApp\TreasurersApp.csproj", "{2CE31D4A-B194-47AC-A104-DFB159970D28}"
EndProject
Global
	GlobalSection(SolutionConfigurationPlatforms) = preSolution
		Debug|Any CPU = Debug|Any CPU
		Release|Any CPU = Release|Any CPU
	EndGlobalSection
	GlobalSection(ProjectConfigurationPlatforms) = postSolution
		{2CE31D4A-B194-47AC-A104-DFB159970D28}.Debug|Any CPU.ActiveCfg = Debug|Any CPU
		{2CE31D4A-B194-47AC-A104-DFB159970D28}.Debug|Any CPU.Build.0 = Debug|Any CPU
		{2CE31D4A-B194-47AC-A104-DFB159970D28}.Release|Any CPU.ActiveCfg = Release|Any CPU
		{2CE31D4A-B194-47AC-A104-DFB159970D28}.Release|Any CPU.Build.0 = Release|Any CPU
	EndGlobalSection
	GlobalSection(SolutionProperties) = preSolution
		HideSolutionNode = FALSE
	EndGlobalSection
	GlobalSection(ExtensibilityGlobals) = postSolution
		SolutionGuid = {ECD9DEA2-C08D-422E-A60F-CD1071335188}
	EndGlobalSection
EndGlobal
